
Microsoft Visual Studio Solution File, Format Version 12.00
# Visual Studio Version 17
VisualStudioVersion = 17.14.36221.1
MinimumVisualStudioVersion = 10.0.40219.1
Project("{FAE04EC0-301F-11D3-BF4B-00C04F79EFBC}") = "SmartHospitalSystem", "SmartHospitalSystem\SmartHospitalSystem.csproj", "{0A3CA03C-D604-454E-A14D-5CEEEB52D6B6}"
EndProject
Project("{FAE04EC0-301F-11D3-BF4B-00C04F79EFBC}") = "Hospital_Domain", "Hospital_Domain\Hospital_Domain.csproj", "{56D842D5-3A3C-4BE9-ABE4-AC633CCFAE38}"
EndProject
Global
	GlobalSection(SolutionConfigurationPlatforms) = preSolution
		Debug|Any CPU = Debug|Any CPU
		Release|Any CPU = Release|Any CPU
	EndGlobalSection
	GlobalSection(ProjectConfigurationPlatforms) = postSolution
		{0A3CA03C-D604-454E-A14D-5CEEEB52D6B6}.Debug|Any CPU.ActiveCfg = Debug|Any CPU
		{0A3CA03C-D604-454E-A14D-5CEEEB52D6B6}.Debug|Any CPU.Build.0 = Debug|Any CPU
		{0A3CA03C-D604-454E-A14D-5CEEEB52D6B6}.Release|Any CPU.ActiveCfg = Release|Any CPU
		{0A3CA03C-D604-454E-A14D-5CEEEB52D6B6}.Release|Any CPU.Build.0 = Release|Any CPU
		{56D842D5-3A3C-4BE9-ABE4-AC633CCFAE38}.Debug|Any CPU.ActiveCfg = Debug|Any CPU
		{56D842D5-3A3C-4BE9-ABE4-AC633CCFAE38}.Debug|Any CPU.Build.0 = Debug|Any CPU
		{56D842D5-3A3C-4BE9-ABE4-AC633CCFAE38}.Release|Any CPU.ActiveCfg = Release|Any CPU
		{56D842D5-3A3C-4BE9-ABE4-AC633CCFAE38}.Release|Any CPU.Build.0 = Release|Any CPU
	EndGlobalSection
	GlobalSection(SolutionProperties) = preSolution
		HideSolutionNode = FALSE
	EndGlobalSection
	GlobalSection(ExtensibilityGlobals) = postSolution
		SolutionGuid = {D0757AFF-2755-418C-8A54-608A335C3297}
	EndGlobalSection
EndGlobal
